// !$*UTF8*$!
{
	archiveVersion = 1;
	classes = {
	};
	objectVersion = 50;
	objects = {

/* Begin PBXBuildFile section */
		F65369B8212457AF002D624D /* AppDelegate.swift in Sources */ = {isa = PBXBuildFile; fileRef = F65369B7212457AF002D624D /* AppDelegate.swift */; };
		F65369BA212457AF002D624D /* GameScene.sks in Resources */ = {isa = PBXBuildFile; fileRef = F65369B9212457AF002D624D /* GameScene.sks */; };
		F65369BC212457AF002D624D /* Actions.sks in Resources */ = {isa = PBXBuildFile; fileRef = F65369BB212457AF002D624D /* Actions.sks */; };
		F65369BE212457AF002D624D /* GameScene.swift in Sources */ = {isa = PBXBuildFile; fileRef = F65369BD212457AF002D624D /* GameScene.swift */; };
		F65369C0212457AF002D624D /* GameViewController.swift in Sources */ = {isa = PBXBuildFile; fileRef = F65369BF212457AF002D624D /* GameViewController.swift */; };
		F65369C3212457AF002D624D /* Main.storyboard in Resources */ = {isa = PBXBuildFile; fileRef = F65369C1212457AF002D624D /* Main.storyboard */; };
		F65369C5212457B0002D624D /* Assets.xcassets in Resources */ = {isa = PBXBuildFile; fileRef = F65369C4212457B0002D624D /* Assets.xcassets */; };
		F65369C8212457B0002D624D /* LaunchScreen.storyboard in Resources */ = {isa = PBXBuildFile; fileRef = F65369C6212457B0002D624D /* LaunchScreen.storyboard */; };
/* End PBXBuildFile section */

/* Begin PBXFileReference section */
		F65369B4212457AF002D624D /* HandBall.app */ = {isa = PBXFileReference; explicitFileType = wrapper.application; includeInIndex = 0; path = HandBall.app; sourceTree = BUILT_PRODUCTS_DIR; };
		F65369B7212457AF002D624D /* AppDelegate.swift */ = {isa = PBXFileReference; lastKnownFileType = sourcecode.swift; path = AppDelegate.swift; sourceTree = "<group>"; };
		F65369B9212457AF002D624D /* GameScene.sks */ = {isa = PBXFileReference; lastKnownFileType = file.sks; path = GameScene.sks; sourceTree = "<group>"; };
		F65369BB212457AF002D624D /* Actions.sks */ = {isa = PBXFileReference; lastKnownFileType = file.sks; path = Actions.sks; sourceTree = "<group>"; };
		F65369BD212457AF002D624D /* GameScene.swift */ = {isa = PBXFileReference; lastKnownFileType = sourcecode.swift; path = GameScene.swift; sourceTree = "<group>"; };
		F65369BF212457AF002D624D /* GameViewController.swift */ = {isa = PBXFileReference; lastKnownFileType = sourcecode.swift; path = GameViewController.swift; sourceTree = "<group>"; };
		F65369C2212457AF002D624D /* Base */ = {isa = PBXFileReference; lastKnownFileType = file.storyboard; name = Base; path = Base.lproj/Main.storyboard; sourceTree = "<group>"; };
		F65369C4212457B0002D624D /* Assets.xcassets */ = {isa = PBXFileReference; lastKnownFileType = folder.assetcatalog; path = Assets.xcassets; sourceTree = "<group>"; };
		F65369C7212457B0002D624D /* Base */ = {isa = PBXFileReference; lastKnownFileType = file.storyboard; name = Base; path = Base.lproj/LaunchScreen.storyboard; sourceTree = "<group>"; };
		F65369C9212457B0002D624D /* Info.plist */ = {isa = PBXFileReference; lastKnownFileType = text.plist.xml; path = Info.plist; sourceTree = "<group>"; };
/* End PBXFileReference section */

/* Begin PBXFrameworksBuildPhase section */
		F65369B1212457AF002D624D /* Frameworks */ = {
			isa = PBXFrameworksBuildPhase;
			buildActionMask = 2147483647;
			files = (
			);
			runOnlyForDeploymentPostprocessing = 0;
		};
/* End PBXFrameworksBuildPhase section */

/* Begin PBXGroup section */
		F65369AB212457AF002D624D = {
			isa = PBXGroup;
			children = (
				F65369B6212457AF002D624D /* HandBall */,
				F65369B5212457AF002D624D /* Products */,
			);
			sourceTree = "<group>";
		};
		F65369B5212457AF002D624D /* Products */ = {
			isa = PBXGroup;
			children = (
				F65369B4212457AF002D624D /* HandBall.app */,
			);
			name = Products;
			sourceTree = "<group>";
		};
		F65369B6212457AF002D624D /* HandBall */ = {
			isa = PBXGroup;
			children = (
				F65369B7212457AF002D624D /* AppDelegate.swift */,
				F65369B9212457AF002D624D /* GameScene.sks */,
				F65369BB212457AF002D624D /* Actions.sks */,
				F65369BD212457AF002D624D /* GameScene.swift */,
				F65369BF212457AF002D624D /* GameViewController.swift */,
				F65369C1212457AF002D624D /* Main.storyboard */,
				F65369C4212457B0002D624D /* Assets.xcassets */,
				F65369C6212457B0002D624D /* LaunchScreen.storyboard */,
				F65369C9212457B0002D624D /* Info.plist */,
			);
			path = HandBall;
			sourceTree = "<group>";
		};
/* End PBXGroup section */

/* Begin PBXNativeTarget section */
		F65369B3212457AF002D624D /* HandBall */ = {
			isa = PBXNativeTarget;
			buildConfigurationList = F65369CC212457B0002D624D /* Build configuration list for PBXNativeTarget "HandBall" */;
			buildPhases = (
				F65369B0212457AF002D624D /* Sources */,
				F65369B1212457AF002D624D /* Frameworks */,
				F65369B2212457AF002D624D /* Resources */,
			);
			buildRules = (
			);
			dependencies = (
			);
			name = HandBall;
			productName = HandBall;
			productReference = F65369B4212457AF002D624D /* HandBall.app */;
			productType = "com.apple.product-type.application";
		};
/* End PBXNativeTarget section */

/* Begin PBXProject section */
		F65369AC212457AF002D624D /* Project object */ = {
			isa = PBXProject;
			attributes = {
				LastSwiftUpdateCheck = 0940;
				LastUpgradeCheck = 0940;
				ORGANIZATIONNAME = Grizzle;
				TargetAttributes = {
					F65369B3212457AF002D624D = {
						CreatedOnToolsVersion = 9.4.1;
					};
				};
			};
			buildConfigurationList = F65369AF212457AF002D624D /* Build configuration list for PBXProject "HandBall" */;
			compatibilityVersion = "Xcode 9.3";
			developmentRegion = en;
			hasScannedForEncodings = 0;
			knownRegions = (
				en,
				Base,
			);
			mainGroup = F65369AB212457AF002D624D;
			productRefGroup = F65369B5212457AF002D624D /* Products */;
			projectDirPath = "";
			projectRoot = "";
			targets = (
				F65369B3212457AF002D624D /* HandBall */,
			);
		};
/* End PBXProject section */

/* Begin PBXResourcesBuildPhase section */
		F65369B2212457AF002D624D /* Resources */ = {
			isa = PBXResourcesBuildPhase;
			buildActionMask = 2147483647;
			files = (
				F65369C3212457AF002D624D /* Main.storyboard in Resources */,
				F65369BA212457AF002D624D /* GameScene.sks in Resources */,
				F65369C5212457B0002D624D /* Assets.xcassets in Resources */,
				F65369C8212457B0002D624D /* LaunchScreen.storyboard in Resources */,
				F65369BC212457AF002D624D /* Actions.sks in Resources */,
			);
			runOnlyForDeploymentPostprocessing = 0;
		};
/* End PBXResourcesBuildPhase section */

/* Begin PBXSourcesBuildPhase section */
		F65369B0212457AF002D624D /* Sources */ = {
			isa = PBXSourcesBuildPhase;
			buildActionMask = 2147483647;
			files = (
				F65369BE212457AF002D624D /* GameScene.swift in Sources */,
				F65369C0212457AF002D624D /* GameViewController.swift in Sources */,
				F65369B8212457AF002D624D /* AppDelegate.swift in Sources */,
			);
			runOnlyForDeploymentPostprocessing = 0;
		};
/* End PBXSourcesBuildPhase section */

/* Begin PBXVariantGroup section */
		F65369C1212457AF002D624D /* Main.storyboard */ = {
			isa = PBXVariantGroup;
			children = (
				F65369C2212457AF002D624D /* Base */,
			);
			name = Main.storyboard;
			sourceTree = "<group>";
		};
		F65369C6212457B0002D624D /* LaunchScreen.storyboard */ = {
			isa = PBXVariantGroup;
			children = (
				F65369C7212457B0002D624D /* Base */,
			);
			name = LaunchScreen.storyboard;
			sourceTree = "<group>";
		};
/* End PBXVariantGroup section */

/* Begin XCBuildConfiguration section */
		F65369CA212457B0002D624D /* Debug */ = {
			isa = XCBuildConfiguration;
			buildSettings = {
				ALWAYS_SEARCH_USER_PATHS = NO;
				CLANG_ANALYZER_NONNULL = YES;
				CLANG_ANALYZER_NUMBER_OBJECT_CONVERSION = YES_AGGRESSIVE;
				CLANG_CXX_LANGUAGE_STANDARD = "gnu++14";
				CLANG_CXX_LIBRARY = "libc++";
				CLANG_ENABLE_MODULES = YES;
				CLANG_ENABLE_OBJC_ARC = YES;
				CLANG_ENABLE_OBJC_WEAK = YES;
				CLANG_WARN_BLOCK_CAPTURE_AUTORELEASING = YES;
				CLANG_WARN_BOOL_CONVERSION = YES;
				CLANG_WARN_COMMA = YES;
				CLANG_WARN_CONSTANT_CONVERSION = YES;
				CLANG_WARN_DEPRECATED_OBJC_IMPLEMENTATIONS = YES;
				CLANG_WARN_DIRECT_OBJC_ISA_USAGE = YES_ERROR;
				CLANG_WARN_DOCUMENTATION_COMMENTS = YES;
				CLANG_WARN_EMPTY_BODY = YES;
				CLANG_WARN_ENUM_CONVERSION = YES;
				CLANG_WARN_INFINITE_RECURSION = YES;
				CLANG_WARN_INT_CONVERSION = YES;
				CLANG_WARN_NON_LITERAL_NULL_CONVERSION = YES;
				CLANG_WARN_OBJC_IMPLICIT_RETAIN_SELF = YES;
				CLANG_WARN_OBJC_LITERAL_CONVERSION = YES;
				CLANG_WARN_OBJC_ROOT_CLASS = YES_ERROR;
				CLANG_WARN_RANGE_LOOP_ANALYSIS = YES;
				CLANG_WARN_STRICT_PROTOTYPES = YES;
				CLANG_WARN_SUSPICIOUS_MOVE = YES;
				CLANG_WARN_UNGUARDED_AVAILABILITY = YES_AGGRESSIVE;
				CLANG_WARN_UNREACHABLE_CODE = YES;
				CLANG_WARN__DUPLICATE_METHOD_MATCH = YES;
				CODE_SIGN_IDENTITY = "iPhone Developer";
				COPY_PHASE_STRIP = NO;
				DEBUG_INFORMATION_FORMAT = dwarf;
				ENABLE_STRICT_OBJC_MSGSEND = YES;
				ENABLE_TESTABILITY = YES;
				GCC_C_LANGUAGE_STANDARD = gnu11;
				GCC_DYNAMIC_NO_PIC = NO;
				GCC_NO_COMMON_BLOCKS = YES;
				GCC_OPTIMIZATION_LEVEL = 0;
				GCC_PREPROCESSOR_DEFINITIONS = (
					"DEBUG=1",
					"$(inherited)",
				);
				GCC_WARN_64_TO_32_BIT_CONVERSION = YES;
				GCC_WARN_ABOUT_RETURN_TYPE = YES_ERROR;
				GCC_WARN_UNDECLARED_SELECTOR = YES;
				GCC_WARN_UNINITIALIZED_AUTOS = YES_AGGRESSIVE;
				GCC_WARN_UNUSED_FUNCTION = YES;
				GCC_WARN_UNUSED_VARIABLE = YES;
				IPHONEOS_DEPLOYMENT_TARGET = 11.4;
				MTL_ENABLE_DEBUG_INFO = YES;
				ONLY_ACTIVE_ARCH = YES;
				SDKROOT = iphoneos;
				SWIFT_ACTIVE_COMPILATION_CONDITIONS = DEBUG;
				SWIFT_OPTIMIZATION_LEVEL = "-Onone";
			};
			name = Debug;
		};
		F65369CB212457B0002D624D /* Release */ = {
			isa = XCBuildConfiguration;
			buildSettings = {
				ALWAYS_SEARCH_USER_PATHS = NO;
				CLANG_ANALYZER_NONNULL = YES;
				CLANG_ANALYZER_NUMBER_OBJECT_CONVERSION = YES_AGGRESSIVE;
				CLANG_CXX_LANGUAGE_STANDARD = "gnu++14";
				CLANG_CXX_LIBRARY = "libc++";
				CLANG_ENABLE_MODULES = YES;
				CLANG_ENABLE_OBJC_ARC = YES;
				CLANG_ENABLE_OBJC_WEAK = YES;
				CLANG_WARN_BLOCK_CAPTURE_AUTORELEASING = YES;
				CLANG_WARN_BOOL_CONVERSION = YES;
				CLANG_WARN_COMMA = YES;
				CLANG_WARN_CONSTANT_CONVERSION = YES;
				CLANG_WARN_DEPRECATED_OBJC_IMPLEMENTATIONS = YES;
				CLANG_WARN_DIRECT_OBJC_ISA_USAGE = YES_ERROR;
				CLANG_WARN_DOCUMENTATION_COMMENTS = YES;
				CLANG_WARN_EMPTY_BODY = YES;
				CLANG_WARN_ENUM_CONVERSION = YES;
				CLANG_WARN_INFINITE_RECURSION = YES;
				CLANG_WARN_INT_CONVERSION = YES;
				CLANG_WARN_NON_LITERAL_NULL_CONVERSION = YES;
				CLANG_WARN_OBJC_IMPLICIT_RETAIN_SELF = YES;
				CLANG_WARN_OBJC_LITERAL_CONVERSION = YES;
				CLANG_WARN_OBJC_ROOT_CLASS = YES_ERROR;
				CLANG_WARN_RANGE_LOOP_ANALYSIS = YES;
				CLANG_WARN_STRICT_PROTOTYPES = YES;
				CLANG_WARN_SUSPICIOUS_MOVE = YES;
				CLANG_WARN_UNGUARDED_AVAILABILITY = YES_AGGRESSIVE;
				CLANG_WARN_UNREACHABLE_CODE = YES;
				CLANG_WARN__DUPLICATE_METHOD_MATCH = YES;
				CODE_SIGN_IDENTITY = "iPhone Developer";
				COPY_PHASE_STRIP = NO;
				DEBUG_INFORMATION_FORMAT = "dwarf-with-dsym";
				ENABLE_NS_ASSERTIONS = NO;
				ENABLE_STRICT_OBJC_MSGSEND = YES;
				GCC_C_LANGUAGE_STANDARD = gnu11;
				GCC_NO_COMMON_BLOCKS = YES;
				GCC_WARN_64_TO_32_BIT_CONVERSION = YES;
				GCC_WARN_ABOUT_RETURN_TYPE = YES_ERROR;
				GCC_WARN_UNDECLARED_SELECTOR = YES;
				GCC_WARN_UNINITIALIZED_AUTOS = YES_AGGRESSIVE;
				GCC_WARN_UNUSED_FUNCTION = YES;
				GCC_WARN_UNUSED_VARIABLE = YES;
				IPHONEOS_DEPLOYMENT_TARGET = 11.4;
				MTL_ENABLE_DEBUG_INFO = NO;
				SDKROOT = iphoneos;
				SWIFT_COMPILATION_MODE = wholemodule;
				SWIFT_OPTIMIZATION_LEVEL = "-O";
				VALIDATE_PRODUCT = YES;
			};
			name = Release;
		};
		F65369CD212457B0002D624D /* Debug */ = {
			isa = XCBuildConfiguration;
			buildSettings = {
				ASSETCATALOG_COMPILER_APPICON_NAME = AppIcon;
				CODE_SIGN_STYLE = Automatic;
				INFOPLIST_FILE = HandBall/Info.plist;
				LD_RUNPATH_SEARCH_PATHS = (
					"$(inherited)",
					"@executable_path/Frameworks",
				);
				PRODUCT_BUNDLE_IDENTIFIER = reergymerej.HandBall;
				PRODUCT_NAME = "$(TARGET_NAME)";
				SWIFT_VERSION = 4.0;
				TARGETED_DEVICE_FAMILY = "1,2";
			};
			name = Debug;
		};
		F65369CE212457B0002D624D /* Release */ = {
			isa = XCBuildConfiguration;
			buildSettings = {
				ASSETCATALOG_COMPILER_APPICON_NAME = AppIcon;
				CODE_SIGN_STYLE = Automatic;
				INFOPLIST_FILE = HandBall/Info.plist;
				LD_RUNPATH_SEARCH_PATHS = (
					"$(inherited)",
					"@executable_path/Frameworks",
				);
				PRODUCT_BUNDLE_IDENTIFIER = reergymerej.HandBall;
				PRODUCT_NAME = "$(TARGET_NAME)";
				SWIFT_VERSION = 4.0;
				TARGETED_DEVICE_FAMILY = "1,2";
			};
			name = Release;
		};
/* End XCBuildConfiguration section */

/* Begin XCConfigurationList section */
		F65369AF212457AF002D624D /* Build configuration list for PBXProject "HandBall" */ = {
			isa = XCConfigurationList;
			buildConfigurations = (
				F65369CA212457B0002D624D /* Debug */,
				F65369CB212457B0002D624D /* Release */,
			);
			defaultConfigurationIsVisible = 0;
			defaultConfigurationName = Release;
		};
		F65369CC212457B0002D624D /* Build configuration list for PBXNativeTarget "HandBall" */ = {
			isa = XCConfigurationList;
			buildConfigurations = (
				F65369CD212457B0002D624D /* Debug */,
				F65369CE212457B0002D624D /* Release */,
			);
			defaultConfigurationIsVisible = 0;
			defaultConfigurationName = Release;
		};
/* End XCConfigurationList section */
	};
	rootObject = F65369AC212457AF002D624D /* Project object */;
}
